
Microsoft Visual Studio Solution File, Format Version 12.00
# Visual Studio Version 17
VisualStudioVersion = 17.8.34330.188
MinimumVisualStudioVersion = 10.0.40219.1
Project("{FAE04EC0-301F-11D3-BF4B-00C04F79EFBC}") = "MoldDetails", "MoldDetails\MoldDetails.csproj", "{A52CF826-C29C-415A-85AE-D993C27146C0}"
EndProject
Project("{FAE04EC0-301F-11D3-BF4B-00C04F79EFBC}") = "MyLib", "MyLib\MyLib.csproj", "{0B7E3FB3-B797-4FF8-A3CE-DD13E72F6C1B}"
EndProject
Global
	GlobalSection(SolutionConfigurationPlatforms) = preSolution
		Debug|Any CPU = Debug|Any CPU
		Release|Any CPU = Release|Any CPU
	EndGlobalSection
	GlobalSection(ProjectConfigurationPlatforms) = postSolution
		{A52CF826-C29C-415A-85AE-D993C27146C0}.Debug|Any CPU.ActiveCfg = Debug|Any CPU
		{A52CF826-C29C-415A-85AE-D993C27146C0}.Debug|Any CPU.Build.0 = Debug|Any CPU
		{A52CF826-C29C-415A-85AE-D993C27146C0}.Release|Any CPU.ActiveCfg = Release|Any CPU
		{A52CF826-C29C-415A-85AE-D993C27146C0}.Release|Any CPU.Build.0 = Release|Any CPU
		{BA42DEA2-0622-49B7-81D7-2627AE1CFAD2}.Debug|Any CPU.ActiveCfg = Debug
		{BA42DEA2-0622-49B7-81D7-2627AE1CFAD2}.Release|Any CPU.ActiveCfg = Release
		{0B7E3FB3-B797-4FF8-A3CE-DD13E72F6C1B}.Debug|Any CPU.ActiveCfg = Debug|Any CPU
		{0B7E3FB3-B797-4FF8-A3CE-DD13E72F6C1B}.Debug|Any CPU.Build.0 = Debug|Any CPU
		{0B7E3FB3-B797-4FF8-A3CE-DD13E72F6C1B}.Release|Any CPU.ActiveCfg = Release|Any CPU
		{0B7E3FB3-B797-4FF8-A3CE-DD13E72F6C1B}.Release|Any CPU.Build.0 = Release|Any CPU
	EndGlobalSection
	GlobalSection(SolutionProperties) = preSolution
		HideSolutionNode = FALSE
	EndGlobalSection
	GlobalSection(ExtensibilityGlobals) = postSolution
		SolutionGuid = {9695F579-8A9C-4ABB-BAE2-27904424DA2A}
	EndGlobalSection
EndGlobal
